Microsoft Visual Studio Solution File, Format Version 12.00
# Visual Studio 15
VisualStudioVersion = 15.0.28010.2046
MinimumVisualStudioVersion = 10.0.40219.1
Project("{FAE04EC0-301F-11D3-BF4B-00C04F79EFBC}") = "PlantsIdentifierAPI", "src\PlantsIdentifierAPI\PlantsIdentifierAPI.csproj", "{4314C7EC-2563-4499-B355-90126900FA1C}"
EndProject
Project("{FAE04EC0-301F-11D3-BF4B-00C04F79EFBC}") = "PlantsIdentifierAPI.UnitTests", "tests\PlantsIdentifierAPI.UnitTests\PlantsIdentifierAPI.UnitTests.csproj", "{302A7875-2D08-4ADD-92CD-D18D75D8D455}"
EndProject
Project("{FAE04EC0-301F-11D3-BF4B-00C04F79EFBC}") = "PlantsIdentifier", "src\PlantsIdentifier\PlantsIdentifier.csproj", "{91C1EAFD-F973-4E56-9127-2DC2D0F20D9D}"
EndProject
Project("{FAE04EC0-301F-11D3-BF4B-00C04F79EFBC}") = "PlantsIdentifier.Droid", "src\PlantsIdentifier.Droid\PlantsIdentifier.Droid.csproj", "{6BD88FFC-2516-4441-BBCF-DE6D67139CE1}"
EndProject
Project("{FAE04EC0-301F-11D3-BF4B-00C04F79EFBC}") = "PlantsIdentifier.iOS", "src\PlantsIdentifier.iOS\PlantsIdentifier.iOS.csproj", "{163FAFD4-6029-42E0-BE2A-DA9B60C5A74B}"
EndProject
Project("{FAE04EC0-301F-11D3-BF4B-00C04F79EFBC}") = "PlantsIdentifier.UITests", "tests\PlantsIdentifier.UITests\PlantsIdentifier.UITests.csproj", "{20809F60-05EF-4149-A643-5C60A998A175}"
EndProject
Global
	GlobalSection(SolutionConfigurationPlatforms) = preSolution
		Debug|Any CPU = Debug|Any CPU
		Release|Any CPU = Release|Any CPU
		Mock|Any CPU = Mock|Any CPU
		AppStore|Any CPU = AppStore|Any CPU
		Debug|iPhoneSimulator = Debug|iPhoneSimulator
		Release|iPhoneSimulator = Release|iPhoneSimulator
		Debug|iPhone = Debug|iPhone
		Release|iPhone = Release|iPhone
		Ad-Hoc|iPhone = Ad-Hoc|iPhone
		AppStore|iPhone = AppStore|iPhone
		Mock|iPhoneSimulator = Mock|iPhoneSimulator
		Mock|iPhone = Mock|iPhone
	EndGlobalSection
	GlobalSection(ProjectConfigurationPlatforms) = postSolution
		{4314C7EC-2563-4499-B355-90126900FA1C}.Debug|Any CPU.ActiveCfg = Debug|Any CPU
		{4314C7EC-2563-4499-B355-90126900FA1C}.Debug|Any CPU.Build.0 = Debug|Any CPU
		{4314C7EC-2563-4499-B355-90126900FA1C}.Release|Any CPU.ActiveCfg = Release|Any CPU
		{4314C7EC-2563-4499-B355-90126900FA1C}.Release|Any CPU.Build.0 = Release|Any CPU
		{4314C7EC-2563-4499-B355-90126900FA1C}.Mock|Any CPU.ActiveCfg = Debug|Any CPU
		{4314C7EC-2563-4499-B355-90126900FA1C}.Mock|Any CPU.Build.0 = Debug|Any CPU
		{4314C7EC-2563-4499-B355-90126900FA1C}.AppStore|Any CPU.ActiveCfg = Debug|Any CPU
		{4314C7EC-2563-4499-B355-90126900FA1C}.AppStore|Any CPU.Build.0 = Debug|Any CPU
		{4314C7EC-2563-4499-B355-90126900FA1C}.Debug|iPhoneSimulator.ActiveCfg = Debug|Any CPU
		{4314C7EC-2563-4499-B355-90126900FA1C}.Debug|iPhoneSimulator.Build.0 = Debug|Any CPU
		{4314C7EC-2563-4499-B355-90126900FA1C}.Release|iPhoneSimulator.ActiveCfg = Release|Any CPU
		{4314C7EC-2563-4499-B355-90126900FA1C}.Release|iPhoneSimulator.Build.0 = Release|Any CPU
		{4314C7EC-2563-4499-B355-90126900FA1C}.Debug|iPhone.ActiveCfg = Debug|Any CPU
		{4314C7EC-2563-4499-B355-90126900FA1C}.Debug|iPhone.Build.0 = Debug|Any CPU
		{4314C7EC-2563-4499-B355-90126900FA1C}.Release|iPhone.ActiveCfg = Release|Any CPU
		{4314C7EC-2563-4499-B355-90126900FA1C}.Release|iPhone.Build.0 = Release|Any CPU
		{4314C7EC-2563-4499-B355-90126900FA1C}.Ad-Hoc|iPhone.ActiveCfg = Debug|Any CPU
		{4314C7EC-2563-4499-B355-90126900FA1C}.Ad-Hoc|iPhone.Build.0 = Debug|Any CPU
		{4314C7EC-2563-4499-B355-90126900FA1C}.AppStore|iPhone.ActiveCfg = Debug|Any CPU
		{4314C7EC-2563-4499-B355-90126900FA1C}.AppStore|iPhone.Build.0 = Debug|Any CPU
		{4314C7EC-2563-4499-B355-90126900FA1C}.Mock|iPhoneSimulator.ActiveCfg = Debug|Any CPU
		{4314C7EC-2563-4499-B355-90126900FA1C}.Mock|iPhoneSimulator.Build.0 = Debug|Any CPU
		{4314C7EC-2563-4499-B355-90126900FA1C}.Mock|iPhone.ActiveCfg = Debug|Any CPU
		{4314C7EC-2563-4499-B355-90126900FA1C}.Mock|iPhone.Build.0 = Debug|Any CPU
		{302A7875-2D08-4ADD-92CD-D18D75D8D455}.Debug|Any CPU.ActiveCfg = Debug|Any CPU
		{302A7875-2D08-4ADD-92CD-D18D75D8D455}.Debug|Any CPU.Build.0 = Debug|Any CPU
		{302A7875-2D08-4ADD-92CD-D18D75D8D455}.Release|Any CPU.ActiveCfg = Release|Any CPU
		{302A7875-2D08-4ADD-92CD-D18D75D8D455}.Release|Any CPU.Build.0 = Release|Any CPU
		{302A7875-2D08-4ADD-92CD-D18D75D8D455}.Mock|Any CPU.ActiveCfg = Debug|Any CPU
		{302A7875-2D08-4ADD-92CD-D18D75D8D455}.Mock|Any CPU.Build.0 = Debug|Any CPU
		{302A7875-2D08-4ADD-92CD-D18D75D8D455}.AppStore|Any CPU.ActiveCfg = Debug|Any CPU
		{302A7875-2D08-4ADD-92CD-D18D75D8D455}.AppStore|Any CPU.Build.0 = Debug|Any CPU
		{302A7875-2D08-4ADD-92CD-D18D75D8D455}.Debug|iPhoneSimulator.ActiveCfg = Debug|Any CPU
		{302A7875-2D08-4ADD-92CD-D18D75D8D455}.Debug|iPhoneSimulator.Build.0 = Debug|Any CPU
		{302A7875-2D08-4ADD-92CD-D18D75D8D455}.Release|iPhoneSimulator.ActiveCfg = Release|Any CPU
		{302A7875-2D08-4ADD-92CD-D18D75D8D455}.Release|iPhoneSimulator.Build.0 = Release|Any CPU
		{302A7875-2D08-4ADD-92CD-D18D75D8D455}.Debug|iPhone.ActiveCfg = Debug|Any CPU
		{302A7875-2D08-4ADD-92CD-D18D75D8D455}.Debug|iPhone.Build.0 = Debug|Any CPU
		{302A7875-2D08-4ADD-92CD-D18D75D8D455}.Release|iPhone.ActiveCfg = Release|Any CPU
		{302A7875-2D08-4ADD-92CD-D18D75D8D455}.Release|iPhone.Build.0 = Release|Any CPU
		{302A7875-2D08-4ADD-92CD-D18D75D8D455}.Ad-Hoc|iPhone.ActiveCfg = Debug|Any CPU
		{302A7875-2D08-4ADD-92CD-D18D75D8D455}.Ad-Hoc|iPhone.Build.0 = Debug|Any CPU
		{302A7875-2D08-4ADD-92CD-D18D75D8D455}.AppStore|iPhone.ActiveCfg = Debug|Any CPU
		{302A7875-2D08-4ADD-92CD-D18D75D8D455}.AppStore|iPhone.Build.0 = Debug|Any CPU
		{302A7875-2D08-4ADD-92CD-D18D75D8D455}.Mock|iPhoneSimulator.ActiveCfg = Debug|Any CPU
		{302A7875-2D08-4ADD-92CD-D18D75D8D455}.Mock|iPhoneSimulator.Build.0 = Debug|Any CPU
		{302A7875-2D08-4ADD-92CD-D18D75D8D455}.Mock|iPhone.ActiveCfg = Debug|Any CPU
		{302A7875-2D08-4ADD-92CD-D18D75D8D455}.Mock|iPhone.Build.0 = Debug|Any CPU
		{91C1EAFD-F973-4E56-9127-2DC2D0F20D9D}.Debug|Any CPU.ActiveCfg = Debug|Any CPU
		{91C1EAFD-F973-4E56-9127-2DC2D0F20D9D}.Debug|Any CPU.Build.0 = Debug|Any CPU
		{91C1EAFD-F973-4E56-9127-2DC2D0F20D9D}.Release|Any CPU.ActiveCfg = Release|Any CPU
		{91C1EAFD-F973-4E56-9127-2DC2D0F20D9D}.Release|Any CPU.Build.0 = Release|Any CPU
		{91C1EAFD-F973-4E56-9127-2DC2D0F20D9D}.Mock|Any CPU.ActiveCfg = Mock|Any CPU
		{91C1EAFD-F973-4E56-9127-2DC2D0F20D9D}.Mock|Any CPU.Build.0 = Mock|Any CPU
		{91C1EAFD-F973-4E56-9127-2DC2D0F20D9D}.AppStore|Any CPU.ActiveCfg = AppStore|Any CPU
		{91C1EAFD-F973-4E56-9127-2DC2D0F20D9D}.AppStore|Any CPU.Build.0 = AppStore|Any CPU
		{91C1EAFD-F973-4E56-9127-2DC2D0F20D9D}.Debug|iPhoneSimulator.ActiveCfg = Debug|Any CPU
		{91C1EAFD-F973-4E56-9127-2DC2D0F20D9D}.Debug|iPhoneSimulator.Build.0 = Debug|Any CPU
		{91C1EAFD-F973-4E56-9127-2DC2D0F20D9D}.Release|iPhoneSimulator.ActiveCfg = Release|Any CPU
		{91C1EAFD-F973-4E56-9127-2DC2D0F20D9D}.Release|iPhoneSimulator.Build.0 = Release|Any CPU
		{91C1EAFD-F973-4E56-9127-2DC2D0F20D9D}.Debug|iPhone.ActiveCfg = Debug|Any CPU
		{91C1EAFD-F973-4E56-9127-2DC2D0F20D9D}.Debug|iPhone.Build.0 = Debug|Any CPU
		{91C1EAFD-F973-4E56-9127-2DC2D0F20D9D}.Release|iPhone.ActiveCfg = Release|Any CPU
		{91C1EAFD-F973-4E56-9127-2DC2D0F20D9D}.Release|iPhone.Build.0 = Release|Any CPU
		{91C1EAFD-F973-4E56-9127-2DC2D0F20D9D}.Ad-Hoc|iPhone.ActiveCfg = Mock|Any CPU
		{91C1EAFD-F973-4E56-9127-2DC2D0F20D9D}.Ad-Hoc|iPhone.Build.0 = Mock|Any CPU
		{91C1EAFD-F973-4E56-9127-2DC2D0F20D9D}.AppStore|iPhone.ActiveCfg = AppStore|Any CPU
		{91C1EAFD-F973-4E56-9127-2DC2D0F20D9D}.AppStore|iPhone.Build.0 = AppStore|Any CPU
		{91C1EAFD-F973-4E56-9127-2DC2D0F20D9D}.Mock|iPhoneSimulator.ActiveCfg = Mock|Any CPU
		{91C1EAFD-F973-4E56-9127-2DC2D0F20D9D}.Mock|iPhoneSimulator.Build.0 = Mock|Any CPU
		{91C1EAFD-F973-4E56-9127-2DC2D0F20D9D}.Mock|iPhone.ActiveCfg = Mock|Any CPU
		{91C1EAFD-F973-4E56-9127-2DC2D0F20D9D}.Mock|iPhone.Build.0 = Mock|Any CPU
		{6BD88FFC-2516-4441-BBCF-DE6D67139CE1}.Debug|Any CPU.ActiveCfg = Debug|Any CPU
		{6BD88FFC-2516-4441-BBCF-DE6D67139CE1}.Debug|Any CPU.Build.0 = Debug|Any CPU
		{6BD88FFC-2516-4441-BBCF-DE6D67139CE1}.Release|Any CPU.ActiveCfg = Release|Any CPU
		{6BD88FFC-2516-4441-BBCF-DE6D67139CE1}.Release|Any CPU.Build.0 = Release|Any CPU
		{6BD88FFC-2516-4441-BBCF-DE6D67139CE1}.Mock|Any CPU.ActiveCfg = Mock|Any CPU
		{6BD88FFC-2516-4441-BBCF-DE6D67139CE1}.Mock|Any CPU.Build.0 = Mock|Any CPU
		{6BD88FFC-2516-4441-BBCF-DE6D67139CE1}.AppStore|Any CPU.ActiveCfg = AppStore|Any CPU
		{6BD88FFC-2516-4441-BBCF-DE6D67139CE1}.AppStore|Any CPU.Build.0 = AppStore|Any CPU
		{6BD88FFC-2516-4441-BBCF-DE6D67139CE1}.Debug|iPhoneSimulator.ActiveCfg = Debug|Any CPU
		{6BD88FFC-2516-4441-BBCF-DE6D67139CE1}.Debug|iPhoneSimulator.Build.0 = Debug|Any CPU
		{6BD88FFC-2516-4441-BBCF-DE6D67139CE1}.Release|iPhoneSimulator.ActiveCfg = Release|Any CPU
		{6BD88FFC-2516-4441-BBCF-DE6D67139CE1}.Release|iPhoneSimulator.Build.0 = Release|Any CPU
		{6BD88FFC-2516-4441-BBCF-DE6D67139CE1}.Debug|iPhone.ActiveCfg = Debug|Any CPU
		{6BD88FFC-2516-4441-BBCF-DE6D67139CE1}.Debug|iPhone.Build.0 = Debug|Any CPU
		{6BD88FFC-2516-4441-BBCF-DE6D67139CE1}.Release|iPhone.ActiveCfg = Release|Any CPU
		{6BD88FFC-2516-4441-BBCF-DE6D67139CE1}.Release|iPhone.Build.0 = Release|Any CPU
		{6BD88FFC-2516-4441-BBCF-DE6D67139CE1}.Ad-Hoc|iPhone.ActiveCfg = Debug|Any CPU
		{6BD88FFC-2516-4441-BBCF-DE6D67139CE1}.Ad-Hoc|iPhone.Build.0 = Debug|Any CPU
		{6BD88FFC-2516-4441-BBCF-DE6D67139CE1}.AppStore|iPhone.ActiveCfg = AppStore|Any CPU
		{6BD88FFC-2516-4441-BBCF-DE6D67139CE1}.AppStore|iPhone.Build.0 = AppStore|Any CPU
		{6BD88FFC-2516-4441-BBCF-DE6D67139CE1}.Mock|iPhoneSimulator.ActiveCfg = Mock|Any CPU
		{6BD88FFC-2516-4441-BBCF-DE6D67139CE1}.Mock|iPhoneSimulator.Build.0 = Mock|Any CPU
		{6BD88FFC-2516-4441-BBCF-DE6D67139CE1}.Mock|iPhone.ActiveCfg = Mock|Any CPU
		{6BD88FFC-2516-4441-BBCF-DE6D67139CE1}.Mock|iPhone.Build.0 = Mock|Any CPU
		{163FAFD4-6029-42E0-BE2A-DA9B60C5A74B}.Debug|Any CPU.ActiveCfg = Debug|iPhoneSimulator
		{163FAFD4-6029-42E0-BE2A-DA9B60C5A74B}.Debug|Any CPU.Build.0 = Debug|iPhoneSimulator
		{163FAFD4-6029-42E0-BE2A-DA9B60C5A74B}.Release|Any CPU.ActiveCfg = Release|iPhoneSimulator
		{163FAFD4-6029-42E0-BE2A-DA9B60C5A74B}.Release|Any CPU.Build.0 = Release|iPhoneSimulator
		{163FAFD4-6029-42E0-BE2A-DA9B60C5A74B}.Mock|Any CPU.ActiveCfg = Mock|iPhoneSimulator
		{163FAFD4-6029-42E0-BE2A-DA9B60C5A74B}.Mock|Any CPU.Build.0 = Mock|iPhoneSimulator
		{163FAFD4-6029-42E0-BE2A-DA9B60C5A74B}.AppStore|Any CPU.ActiveCfg = AppStore|iPhone
		{163FAFD4-6029-42E0-BE2A-DA9B60C5A74B}.AppStore|Any CPU.Build.0 = AppStore|iPhone
		{163FAFD4-6029-42E0-BE2A-DA9B60C5A74B}.Debug|iPhoneSimulator.ActiveCfg = Debug|iPhoneSimulator
		{163FAFD4-6029-42E0-BE2A-DA9B60C5A74B}.Debug|iPhoneSimulator.Build.0 = Debug|iPhoneSimulator
		{163FAFD4-6029-42E0-BE2A-DA9B60C5A74B}.Release|iPhoneSimulator.ActiveCfg = Release|iPhoneSimulator
		{163FAFD4-6029-42E0-BE2A-DA9B60C5A74B}.Release|iPhoneSimulator.Build.0 = Release|iPhoneSimulator
		{163FAFD4-6029-42E0-BE2A-DA9B60C5A74B}.Debug|iPhone.ActiveCfg = Debug|iPhone
		{163FAFD4-6029-42E0-BE2A-DA9B60C5A74B}.Debug|iPhone.Build.0 = Debug|iPhone
		{163FAFD4-6029-42E0-BE2A-DA9B60C5A74B}.Release|iPhone.ActiveCfg = Release|iPhone
		{163FAFD4-6029-42E0-BE2A-DA9B60C5A74B}.Release|iPhone.Build.0 = Release|iPhone
		{163FAFD4-6029-42E0-BE2A-DA9B60C5A74B}.Ad-Hoc|iPhone.ActiveCfg = Ad-Hoc|iPhone
		{163FAFD4-6029-42E0-BE2A-DA9B60C5A74B}.Ad-Hoc|iPhone.Build.0 = Ad-Hoc|iPhone
		{163FAFD4-6029-42E0-BE2A-DA9B60C5A74B}.AppStore|iPhone.ActiveCfg = AppStore|iPhone
		{163FAFD4-6029-42E0-BE2A-DA9B60C5A74B}.AppStore|iPhone.Build.0 = AppStore|iPhone
		{163FAFD4-6029-42E0-BE2A-DA9B60C5A74B}.Mock|iPhoneSimulator.ActiveCfg = Mock|iPhoneSimulator
		{163FAFD4-6029-42E0-BE2A-DA9B60C5A74B}.Mock|iPhoneSimulator.Build.0 = Mock|iPhoneSimulator
		{163FAFD4-6029-42E0-BE2A-DA9B60C5A74B}.Mock|iPhone.ActiveCfg = Mock|iPhone
		{163FAFD4-6029-42E0-BE2A-DA9B60C5A74B}.Mock|iPhone.Build.0 = Mock|iPhone
		{20809F60-05EF-4149-A643-5C60A998A175}.Debug|Any CPU.ActiveCfg = Debug|Any CPU
		{20809F60-05EF-4149-A643-5C60A998A175}.Debug|Any CPU.Build.0 = Debug|Any CPU
		{20809F60-05EF-4149-A643-5C60A998A175}.Release|Any CPU.ActiveCfg = Release|Any CPU
		{20809F60-05EF-4149-A643-5C60A998A175}.Release|Any CPU.Build.0 = Release|Any CPU
		{20809F60-05EF-4149-A643-5C60A998A175}.Mock|Any CPU.ActiveCfg = Mock|Any CPU
		{20809F60-05EF-4149-A643-5C60A998A175}.Mock|Any CPU.Build.0 = Mock|Any CPU
		{20809F60-05EF-4149-A643-5C60A998A175}.AppStore|Any CPU.ActiveCfg = AppStore|Any CPU
		{20809F60-05EF-4149-A643-5C60A998A175}.AppStore|Any CPU.Build.0 = AppStore|Any CPU
		{20809F60-05EF-4149-A643-5C60A998A175}.Debug|iPhoneSimulator.ActiveCfg = Debug|Any CPU
		{20809F60-05EF-4149-A643-5C60A998A175}.Debug|iPhoneSimulator.Build.0 = Debug|Any CPU
		{20809F60-05EF-4149-A643-5C60A998A175}.Release|iPhoneSimulator.ActiveCfg = Release|Any CPU
		{20809F60-05EF-4149-A643-5C60A998A175}.Release|iPhoneSimulator.Build.0 = Release|Any CPU
		{20809F60-05EF-4149-A643-5C60A998A175}.Debug|iPhone.ActiveCfg = Debug|Any CPU
		{20809F60-05EF-4149-A643-5C60A998A175}.Debug|iPhone.Build.0 = Debug|Any CPU
		{20809F60-05EF-4149-A643-5C60A998A175}.Release|iPhone.ActiveCfg = Release|Any CPU
		{20809F60-05EF-4149-A643-5C60A998A175}.Release|iPhone.Build.0 = Release|Any CPU
		{20809F60-05EF-4149-A643-5C60A998A175}.Ad-Hoc|iPhone.ActiveCfg = Debug|Any CPU
		{20809F60-05EF-4149-A643-5C60A998A175}.Ad-Hoc|iPhone.Build.0 = Debug|Any CPU
		{20809F60-05EF-4149-A643-5C60A998A175}.AppStore|iPhone.ActiveCfg = AppStore|Any CPU
		{20809F60-05EF-4149-A643-5C60A998A175}.AppStore|iPhone.Build.0 = AppStore|Any CPU
		{20809F60-05EF-4149-A643-5C60A998A175}.Mock|iPhoneSimulator.ActiveCfg = Mock|Any CPU
		{20809F60-05EF-4149-A643-5C60A998A175}.Mock|iPhoneSimulator.Build.0 = Mock|Any CPU
		{20809F60-05EF-4149-A643-5C60A998A175}.Mock|iPhone.ActiveCfg = Mock|Any CPU
		{20809F60-05EF-4149-A643-5C60A998A175}.Mock|iPhone.Build.0 = Mock|Any CPU
	EndGlobalSection
	GlobalSection(SolutionProperties) = preSolution
		HideSolutionNode = FALSE
	EndGlobalSection
	GlobalSection(ExtensibilityGlobals) = postSolution
		SolutionGuid = {E2CA71C8-F3B7-4599-BC56-74ECA3961563}
	EndGlobalSection
EndGlobal
