
Microsoft Visual Studio Solution File, Format Version 12.00
# Visual Studio 15
Project("{FAE04EC0-301F-11D3-BF4B-00C04F79EFBC}") = "PlantsIdentifierAPI", "src\PlantsIdentifierAPI\PlantsIdentifierAPI.csproj", "{4314C7EC-2563-4499-B355-90126900FA1C}"
EndProject
Global
	GlobalSection(SolutionConfigurationPlatforms) = preSolution
		Debug|Any CPU = Debug|Any CPU
		Release|Any CPU = Release|Any CPU
	EndGlobalSection
	GlobalSection(ProjectConfigurationPlatforms) = postSolution
		{4314C7EC-2563-4499-B355-90126900FA1C}.Debug|Any CPU.ActiveCfg = Debug|Any CPU
		{4314C7EC-2563-4499-B355-90126900FA1C}.Debug|Any CPU.Build.0 = Debug|Any CPU
		{4314C7EC-2563-4499-B355-90126900FA1C}.Release|Any CPU.ActiveCfg = Release|Any CPU
		{4314C7EC-2563-4499-B355-90126900FA1C}.Release|Any CPU.Build.0 = Release|Any CPU
	EndGlobalSection
EndGlobal
